
Microsoft Visual Studio Solution File, Format Version 12.00
# Visual Studio Version 17
VisualStudioVersion = 17.9.34728.123
MinimumVisualStudioVersion = 10.0.40219.1
Project("{FAE04EC0-301F-11D3-BF4B-00C04F79EFBC}") = "Aula2", "Aula2\Aula2.csproj", "{01AE3D60-819B-4EA2-B07D-6BF9ACD82047}"
EndProject
Global
	GlobalSection(SolutionConfigurationPlatforms) = preSolution
		Debug|Any CPU = Debug|Any CPU
		Release|Any CPU = Release|Any CPU
	EndGlobalSection
	GlobalSection(ProjectConfigurationPlatforms) = postSolution
		{01AE3D60-819B-4EA2-B07D-6BF9ACD82047}.Debug|Any CPU.ActiveCfg = Debug|Any CPU
		{01AE3D60-819B-4EA2-B07D-6BF9ACD82047}.Debug|Any CPU.Build.0 = Debug|Any CPU
		{01AE3D60-819B-4EA2-B07D-6BF9ACD82047}.Release|Any CPU.ActiveCfg = Release|Any CPU
		{01AE3D60-819B-4EA2-B07D-6BF9ACD82047}.Release|Any CPU.Build.0 = Release|Any CPU
	EndGlobalSection
	GlobalSection(SolutionProperties) = preSolution
		HideSolutionNode = FALSE
	EndGlobalSection
	GlobalSection(ExtensibilityGlobals) = postSolution
		SolutionGuid = {F8486508-6632-49EF-B2BE-CC286219118F}
	EndGlobalSection
EndGlobal
